
Microsoft Visual Studio Solution File, Format Version 12.00
# Visual Studio 15
VisualStudioVersion = 15.0.28307.168
MinimumVisualStudioVersion = 10.0.40219.1
Project("{FAE04EC0-301F-11D3-BF4B-00C04F79EFBC}") = "C0709562", "C0709562\C0709562.csproj", "{0AE07294-9E01-484A-930F-E81F8795A73A}"
EndProject
Global
	GlobalSection(SolutionConfigurationPlatforms) = preSolution
		Debug|Any CPU = Debug|Any CPU
		Release|Any CPU = Release|Any CPU
	EndGlobalSection
	GlobalSection(ProjectConfigurationPlatforms) = postSolution
		{0AE07294-9E01-484A-930F-E81F8795A73A}.Debug|Any CPU.ActiveCfg = Debug|Any CPU
		{0AE07294-9E01-484A-930F-E81F8795A73A}.Debug|Any CPU.Build.0 = Debug|Any CPU
		{0AE07294-9E01-484A-930F-E81F8795A73A}.Release|Any CPU.ActiveCfg = Release|Any CPU
		{0AE07294-9E01-484A-930F-E81F8795A73A}.Release|Any CPU.Build.0 = Release|Any CPU
	EndGlobalSection
	GlobalSection(SolutionProperties) = preSolution
		HideSolutionNode = FALSE
	EndGlobalSection
	GlobalSection(ExtensibilityGlobals) = postSolution
		SolutionGuid = {2906C4F1-8A84-400A-85D1-1C2D39A14F39}
	EndGlobalSection
EndGlobal
